
Microsoft Visual Studio Solution File, Format Version 12.00
# Visual Studio 15
VisualStudioVersion = 15.0.26730.16
MinimumVisualStudioVersion = 10.0.40219.1
Project("{FAE04EC0-301F-11D3-BF4B-00C04F79EFBC}") = "McCode.Web", "McCode.Web\McCode.Web.csproj", "{A85A289C-AB91-4141-832E-1968F8CBBCB0}"
EndProject
Project("{2150E333-8FDC-42A3-9474-1A3956D46DE8}") = ".Git", ".Git", "{74E1023A-EECD-4D7D-8C8A-67EBB664F3D9}"
	ProjectSection(SolutionItems) = preProject
		.gitignore = .gitignore
	EndProjectSection
EndProject
Global
	GlobalSection(SolutionConfigurationPlatforms) = preSolution
		Debug|Any CPU = Debug|Any CPU
		Release|Any CPU = Release|Any CPU
	EndGlobalSection
	GlobalSection(ProjectConfigurationPlatforms) = postSolution
		{A85A289C-AB91-4141-832E-1968F8CBBCB0}.Debug|Any CPU.ActiveCfg = Debug|Any CPU
		{A85A289C-AB91-4141-832E-1968F8CBBCB0}.Debug|Any CPU.Build.0 = Debug|Any CPU
		{A85A289C-AB91-4141-832E-1968F8CBBCB0}.Release|Any CPU.ActiveCfg = Release|Any CPU
		{A85A289C-AB91-4141-832E-1968F8CBBCB0}.Release|Any CPU.Build.0 = Release|Any CPU
	EndGlobalSection
	GlobalSection(SolutionProperties) = preSolution
		HideSolutionNode = FALSE
	EndGlobalSection
	GlobalSection(ExtensibilityGlobals) = postSolution
		SolutionGuid = {57757AB6-FC29-4F15-872E-F034EDE36A9A}
	EndGlobalSection
EndGlobal
